
Microsoft Visual Studio Solution File, Format Version 12.00
# Visual Studio Version 17
VisualStudioVersion = 17.1.32421.90
MinimumVisualStudioVersion = 10.0.40219.1
Project("{FAE04EC0-301F-11D3-BF4B-00C04F79EFBC}") = "GenericProxyCache", "GenericProxyCache\GenericProxyCache.csproj", "{0D19DCCC-6803-4C4B-826C-AE596767FAEF}"
EndProject
Project("{FAE04EC0-301F-11D3-BF4B-00C04F79EFBC}") = "test", "test\test.csproj", "{A3E81593-A12E-429C-B0D0-2CA428048A7F}"
EndProject
Global
	GlobalSection(SolutionConfigurationPlatforms) = preSolution
		Debug|Any CPU = Debug|Any CPU
		Release|Any CPU = Release|Any CPU
	EndGlobalSection
	GlobalSection(ProjectConfigurationPlatforms) = postSolution
		{0D19DCCC-6803-4C4B-826C-AE596767FAEF}.Debug|Any CPU.ActiveCfg = Debug|Any CPU
		{0D19DCCC-6803-4C4B-826C-AE596767FAEF}.Debug|Any CPU.Build.0 = Debug|Any CPU
		{0D19DCCC-6803-4C4B-826C-AE596767FAEF}.Release|Any CPU.ActiveCfg = Release|Any CPU
		{0D19DCCC-6803-4C4B-826C-AE596767FAEF}.Release|Any CPU.Build.0 = Release|Any CPU
		{A3E81593-A12E-429C-B0D0-2CA428048A7F}.Debug|Any CPU.ActiveCfg = Debug|Any CPU
		{A3E81593-A12E-429C-B0D0-2CA428048A7F}.Debug|Any CPU.Build.0 = Debug|Any CPU
		{A3E81593-A12E-429C-B0D0-2CA428048A7F}.Release|Any CPU.ActiveCfg = Release|Any CPU
		{A3E81593-A12E-429C-B0D0-2CA428048A7F}.Release|Any CPU.Build.0 = Release|Any CPU
	EndGlobalSection
	GlobalSection(SolutionProperties) = preSolution
		HideSolutionNode = FALSE
	EndGlobalSection
	GlobalSection(ExtensibilityGlobals) = postSolution
		SolutionGuid = {19046046-1FEC-47A6-BA6B-B86FBB369A9A}
	EndGlobalSection
EndGlobal
